{
    "_readme": [
        "This file locks the dependencies of your project to a known state",
        "Read more about it at https://getcomposer.org/doc/01-basic-usage.md#composer-lock-the-lock-file",
        "This file is @generated automatically"
    ],
    "content-hash": "c380bfa1b186ae15054859c95f726f2e",
    "packages": [
        {
            "name": "xieyong/date-time-helper",
            "version": "v1.0.0",
            "source": {
                "type": "git",
                "url": "https://micode.be.xiaomi.com/xieyong/date-time-helper",
                "reference": "69a28592f5d5dd8ee20ea7976894a3f78df3df60"
            },
            "type": "library",
            "autoload": {
                "psr-4": {
                    "Helper\\": "src/"
                }
            },
            "license": [
                "MIT"
            ],
            "authors": [
                {
                    "name": "xieyong",
                    "email": "xieyong@xiaomi.com"
                }
            ],
            "description": "datetime convert helper",
            "time": "2018-05-20T00:42:34+00:00"
        }
    ],
    "packages-dev": [],
    "aliases": [],
    "minimum-stability": "stable",
    "stability-flags": [],
    "prefer-stable": false,
    "prefer-lowest": false,
    "platform": [],
    "platform-dev": []
}
